
Microsoft Visual Studio Solution File, Format Version 12.00
# Visual Studio Version 17
VisualStudioVersion = 17.10.35122.118
MinimumVisualStudioVersion = 10.0.40219.1
Project("{9A19103F-16F7-4668-BE54-9A1E7A4F7556}") = "Order", "Program\Order.csproj", "{98D40669-9A44-4F3F-A751-98FA99877FB1}"
EndProject
Project("{FAE04EC0-301F-11D3-BF4B-00C04F79EFBC}") = "Calculator", "Calculator\Calculator.csproj", "{953EC152-6E2D-4407-8106-18D22A0707B2}"
EndProject
Project("{FAE04EC0-301F-11D3-BF4B-00C04F79EFBC}") = "NameOfTheDayOfTheWeek", "NameOfTheDayOfTheWeek\NameOfTheDayOfTheWeek.csproj", "{257D90F0-90AA-4015-9B5F-F1B6B01A9635}"
EndProject
Global
	GlobalSection(SolutionConfigurationPlatforms) = preSolution
		Debug|Any CPU = Debug|Any CPU
		Release|Any CPU = Release|Any CPU
	EndGlobalSection
	GlobalSection(ProjectConfigurationPlatforms) = postSolution
		{98D40669-9A44-4F3F-A751-98FA99877FB1}.Debug|Any CPU.ActiveCfg = Debug|Any CPU
		{98D40669-9A44-4F3F-A751-98FA99877FB1}.Debug|Any CPU.Build.0 = Debug|Any CPU
		{98D40669-9A44-4F3F-A751-98FA99877FB1}.Release|Any CPU.ActiveCfg = Release|Any CPU
		{98D40669-9A44-4F3F-A751-98FA99877FB1}.Release|Any CPU.Build.0 = Release|Any CPU
		{953EC152-6E2D-4407-8106-18D22A0707B2}.Debug|Any CPU.ActiveCfg = Debug|Any CPU
		{953EC152-6E2D-4407-8106-18D22A0707B2}.Debug|Any CPU.Build.0 = Debug|Any CPU
		{953EC152-6E2D-4407-8106-18D22A0707B2}.Release|Any CPU.ActiveCfg = Release|Any CPU
		{953EC152-6E2D-4407-8106-18D22A0707B2}.Release|Any CPU.Build.0 = Release|Any CPU
		{257D90F0-90AA-4015-9B5F-F1B6B01A9635}.Debug|Any CPU.ActiveCfg = Debug|Any CPU
		{257D90F0-90AA-4015-9B5F-F1B6B01A9635}.Debug|Any CPU.Build.0 = Debug|Any CPU
		{257D90F0-90AA-4015-9B5F-F1B6B01A9635}.Release|Any CPU.ActiveCfg = Release|Any CPU
		{257D90F0-90AA-4015-9B5F-F1B6B01A9635}.Release|Any CPU.Build.0 = Release|Any CPU
	EndGlobalSection
	GlobalSection(SolutionProperties) = preSolution
		HideSolutionNode = FALSE
	EndGlobalSection
	GlobalSection(ExtensibilityGlobals) = postSolution
		SolutionGuid = {77CCD3B6-F2E9-4F2E-8BF4-357A073EAE75}
	EndGlobalSection
EndGlobal
