
Microsoft Visual Studio Solution File, Format Version 12.00
# Visual Studio Version 17
VisualStudioVersion = 17.11.35222.181
MinimumVisualStudioVersion = 10.0.40219.1
Project("{FAE04EC0-301F-11D3-BF4B-00C04F79EFBC}") = "Strings", "Strings.csproj", "{3C4ADF1B-3766-43EF-888D-3C206FC9B404}"
EndProject
Global
	GlobalSection(SolutionConfigurationPlatforms) = preSolution
		Debug|Any CPU = Debug|Any CPU
		Release|Any CPU = Release|Any CPU
	EndGlobalSection
	GlobalSection(ProjectConfigurationPlatforms) = postSolution
		{3C4ADF1B-3766-43EF-888D-3C206FC9B404}.Debug|Any CPU.ActiveCfg = Debug|Any CPU
		{3C4ADF1B-3766-43EF-888D-3C206FC9B404}.Debug|Any CPU.Build.0 = Debug|Any CPU
		{3C4ADF1B-3766-43EF-888D-3C206FC9B404}.Release|Any CPU.ActiveCfg = Release|Any CPU
		{3C4ADF1B-3766-43EF-888D-3C206FC9B404}.Release|Any CPU.Build.0 = Release|Any CPU
	EndGlobalSection
	GlobalSection(SolutionProperties) = preSolution
		HideSolutionNode = FALSE
	EndGlobalSection
	GlobalSection(ExtensibilityGlobals) = postSolution
		SolutionGuid = {4B466BD9-6ED8-4456-9D47-507D9209479B}
	EndGlobalSection
EndGlobal
